
Microsoft Visual Studio Solution File, Format Version 12.00
# Visual Studio Version 16
VisualStudioVersion = 16.0.30717.126
MinimumVisualStudioVersion = 10.0.40219.1
Project("{FAE04EC0-301F-11D3-BF4B-00C04F79EFBC}") = "ITMO_WinForms_Lab1_Ex1", "ITMO_WinForms_Lab1_Ex1\ITMO_WinForms_Lab1_Ex1.csproj", "{A2AB7E05-C6D4-4361-87EB-CCE706BDDA13}"
EndProject
Global
	GlobalSection(SolutionConfigurationPlatforms) = preSolution
		Debug|Any CPU = Debug|Any CPU
		Release|Any CPU = Release|Any CPU
	EndGlobalSection
	GlobalSection(ProjectConfigurationPlatforms) = postSolution
		{A2AB7E05-C6D4-4361-87EB-CCE706BDDA13}.Debug|Any CPU.ActiveCfg = Debug|Any CPU
		{A2AB7E05-C6D4-4361-87EB-CCE706BDDA13}.Debug|Any CPU.Build.0 = Debug|Any CPU
		{A2AB7E05-C6D4-4361-87EB-CCE706BDDA13}.Release|Any CPU.ActiveCfg = Release|Any CPU
		{A2AB7E05-C6D4-4361-87EB-CCE706BDDA13}.Release|Any CPU.Build.0 = Release|Any CPU
	EndGlobalSection
	GlobalSection(SolutionProperties) = preSolution
		HideSolutionNode = FALSE
	EndGlobalSection
	GlobalSection(ExtensibilityGlobals) = postSolution
		SolutionGuid = {83D5CA36-16CE-43A0-9176-7700310A028E}
	EndGlobalSection
EndGlobal
