
Microsoft Visual Studio Solution File, Format Version 12.00
# Visual Studio Version 16
VisualStudioVersion = 16.0.30907.101
MinimumVisualStudioVersion = 10.0.40219.1
Project("{FAE04EC0-301F-11D3-BF4B-00C04F79EFBC}") = "WpfHelloNav", "WpfHelloNav\WpfHelloNav.csproj", "{1F5598D4-3612-435E-B5E6-0C711DC26581}"
EndProject
Global
	GlobalSection(SolutionConfigurationPlatforms) = preSolution
		Debug|Any CPU = Debug|Any CPU
		Release|Any CPU = Release|Any CPU
	EndGlobalSection
	GlobalSection(ProjectConfigurationPlatforms) = postSolution
		{1F5598D4-3612-435E-B5E6-0C711DC26581}.Debug|Any CPU.ActiveCfg = Debug|Any CPU
		{1F5598D4-3612-435E-B5E6-0C711DC26581}.Debug|Any CPU.Build.0 = Debug|Any CPU
		{1F5598D4-3612-435E-B5E6-0C711DC26581}.Release|Any CPU.ActiveCfg = Release|Any CPU
		{1F5598D4-3612-435E-B5E6-0C711DC26581}.Release|Any CPU.Build.0 = Release|Any CPU
	EndGlobalSection
	GlobalSection(SolutionProperties) = preSolution
		HideSolutionNode = FALSE
	EndGlobalSection
	GlobalSection(ExtensibilityGlobals) = postSolution
		SolutionGuid = {F1D1101F-18D9-4F03-A792-A71E5EE5BEA1}
	EndGlobalSection
EndGlobal
