
Microsoft Visual Studio Solution File, Format Version 12.00
# Visual Studio Version 16
VisualStudioVersion = 16.0.30907.101
MinimumVisualStudioVersion = 10.0.40219.1
Project("{FAE04EC0-301F-11D3-BF4B-00C04F79EFBC}") = "Lab2_Ex7_RegistrationForm", "Lab2_Ex7_RegistrationForm\Lab2_Ex7_RegistrationForm.csproj", "{F4F1A0E5-602E-49FE-A997-963E6FCBE676}"
EndProject
Global
	GlobalSection(SolutionConfigurationPlatforms) = preSolution
		Debug|Any CPU = Debug|Any CPU
		Release|Any CPU = Release|Any CPU
	EndGlobalSection
	GlobalSection(ProjectConfigurationPlatforms) = postSolution
		{F4F1A0E5-602E-49FE-A997-963E6FCBE676}.Debug|Any CPU.ActiveCfg = Debug|Any CPU
		{F4F1A0E5-602E-49FE-A997-963E6FCBE676}.Debug|Any CPU.Build.0 = Debug|Any CPU
		{F4F1A0E5-602E-49FE-A997-963E6FCBE676}.Release|Any CPU.ActiveCfg = Release|Any CPU
		{F4F1A0E5-602E-49FE-A997-963E6FCBE676}.Release|Any CPU.Build.0 = Release|Any CPU
	EndGlobalSection
	GlobalSection(SolutionProperties) = preSolution
		HideSolutionNode = FALSE
	EndGlobalSection
	GlobalSection(ExtensibilityGlobals) = postSolution
		SolutionGuid = {923FBE8A-82D5-4129-87C8-70098E198D3D}
	EndGlobalSection
EndGlobal
